hash: 089224113a96427bdc57727d1b3edd87d6d208c832ea1cf397b784037caf7aaa
updated: 2017-11-05T23:37:07.436700481+08:00
imports:
- name: github.com/googollee/go-engine.io
  version: 80ae0e43aca17b4c5a6834999d0f2eaa16b9afda
  subpackages:
  - message
  - parser
  - polling
  - transport
  - websocket
- name: github.com/googollee/go-socket.io
  version: 5447e71f36d394766bf855d5714a487596809f0d
- name: github.com/gorilla/websocket
  version: 4873052237e4eeda85cf50c071ef33836fe8e139
- name: github.com/liuzheng/golog
  version: e3a6ba0392cdc06ffd1cd86f0d8eebe6465a2a59
- name: github.com/op/go-logging
  version: 970db520ece77730c7e4724c61121037378659d9
- name: github.com/zhouhui8915/engine.io-go
  version: 02ea08f0971f8aa937eb87893c5d193c0763db38
  subpackages:
  - message
  - parser
  - polling
  - transport
  - websocket
- name: github.com/zhouhui8915/go-socket.io-client
  version: 3929d711cf924150d272dbf168fb60cf0519bc1c
- name: golang.org/x/crypto
  version: edd5e9b0879d13ee6970a50153d85b8fec9f7686
  subpackages:
  - curve25519
  - ed25519
  - ed25519/internal/edwards25519
  - ssh
  - ssh/terminal
- name: golang.org/x/sys
  version: 76cc09b634294339fa19ec41b5f2a0b3932cea8b
  subpackages:
  - unix
  - windows
testImports: []
